
Microsoft Visual Studio Solution File, Format Version 12.00
# Visual Studio Version 17
VisualStudioVersion = 17.0.31903.59
MinimumVisualStudioVersion = 10.0.40219.1
Project("{2150E333-8FDC-42A3-9474-1A3956D46DE8}") = "src", "src", "{827E0CD3-B72D-47B6-A68D-7590B98EB39B}"
EndProject
Project("{FAE04EC0-301F-11D3-BF4B-00C04F79EFBC}") = "RecipeManager.API", "src\RecipeManager.API\RecipeManager.API.csproj", "{F8CE4E4C-2E31-427E-98F9-E77049DFEFAA}"
EndProject
Project("{FAE04EC0-301F-11D3-BF4B-00C04F79EFBC}") = "RecipeManager.Service", "src\RecipeManager.Service\RecipeManager.Service.csproj", "{7746ECFF-E650-4760-AFFA-168248A05B6A}"
EndProject
Project("{FAE04EC0-301F-11D3-BF4B-00C04F79EFBC}") = "RecipeManager.Repository", "src\RecipeManager.Repository\RecipeManager.Repository.csproj", "{6E950453-3E66-4B2C-B157-BC4F5C7FD84B}"
EndProject
Project("{FAE04EC0-301F-11D3-BF4B-00C04F79EFBC}") = "RecipeManager.Data", "src\RecipeManager.Data\RecipeManager.Data.csproj", "{851CC888-ECEC-4548-8F79-C829C30F90F1}"
EndProject
Project("{2150E333-8FDC-42A3-9474-1A3956D46DE8}") = "tests", "tests", "{0AB3BF05-4346-4AA6-1389-037BE0695223}"
EndProject
Project("{FAE04EC0-301F-11D3-BF4B-00C04F79EFBC}") = "RecipeManager.Tests.Unit", "tests\RecipeManager.Tests.Unit\RecipeManager.Tests.Unit.csproj", "{EF0F6F61-7AB1-4DE4-846F-87DCF2638159}"
EndProject
Project("{FAE04EC0-301F-11D3-BF4B-00C04F79EFBC}") = "RecipeManager.Tests.Integration", "tests\RecipeManager.Tests.Integration\RecipeManager.Tests.Integration.csproj", "{4456451E-2341-4296-94FC-61F09F4EBDB5}"
EndProject
Global
	GlobalSection(SolutionConfigurationPlatforms) = preSolution
		Debug|Any CPU = Debug|Any CPU
		Debug|x64 = Debug|x64
		Debug|x86 = Debug|x86
		Release|Any CPU = Release|Any CPU
		Release|x64 = Release|x64
		Release|x86 = Release|x86
	EndGlobalSection
	GlobalSection(ProjectConfigurationPlatforms) = postSolution
		{F8CE4E4C-2E31-427E-98F9-E77049DFEFAA}.Debug|Any CPU.ActiveCfg = Debug|Any CPU
		{F8CE4E4C-2E31-427E-98F9-E77049DFEFAA}.Debug|Any CPU.Build.0 = Debug|Any CPU
		{F8CE4E4C-2E31-427E-98F9-E77049DFEFAA}.Debug|x64.ActiveCfg = Debug|Any CPU
		{F8CE4E4C-2E31-427E-98F9-E77049DFEFAA}.Debug|x64.Build.0 = Debug|Any CPU
		{F8CE4E4C-2E31-427E-98F9-E77049DFEFAA}.Debug|x86.ActiveCfg = Debug|Any CPU
		{F8CE4E4C-2E31-427E-98F9-E77049DFEFAA}.Debug|x86.Build.0 = Debug|Any CPU
		{F8CE4E4C-2E31-427E-98F9-E77049DFEFAA}.Release|Any CPU.ActiveCfg = Release|Any CPU
		{F8CE4E4C-2E31-427E-98F9-E77049DFEFAA}.Release|Any CPU.Build.0 = Release|Any CPU
		{F8CE4E4C-2E31-427E-98F9-E77049DFEFAA}.Release|x64.ActiveCfg = Release|Any CPU
		{F8CE4E4C-2E31-427E-98F9-E77049DFEFAA}.Release|x64.Build.0 = Release|Any CPU
		{F8CE4E4C-2E31-427E-98F9-E77049DFEFAA}.Release|x86.ActiveCfg = Release|Any CPU
		{F8CE4E4C-2E31-427E-98F9-E77049DFEFAA}.Release|x86.Build.0 = Release|Any CPU
		{7746ECFF-E650-4760-AFFA-168248A05B6A}.Debug|Any CPU.ActiveCfg = Debug|Any CPU
		{7746ECFF-E650-4760-AFFA-168248A05B6A}.Debug|Any CPU.Build.0 = Debug|Any CPU
		{7746ECFF-E650-4760-AFFA-168248A05B6A}.Debug|x64.ActiveCfg = Debug|Any CPU
		{7746ECFF-E650-4760-AFFA-168248A05B6A}.Debug|x64.Build.0 = Debug|Any CPU
		{7746ECFF-E650-4760-AFFA-168248A05B6A}.Debug|x86.ActiveCfg = Debug|Any CPU
		{7746ECFF-E650-4760-AFFA-168248A05B6A}.Debug|x86.Build.0 = Debug|Any CPU
		{7746ECFF-E650-4760-AFFA-168248A05B6A}.Release|Any CPU.ActiveCfg = Release|Any CPU
		{7746ECFF-E650-4760-AFFA-168248A05B6A}.Release|Any CPU.Build.0 = Release|Any CPU
		{7746ECFF-E650-4760-AFFA-168248A05B6A}.Release|x64.ActiveCfg = Release|Any CPU
		{7746ECFF-E650-4760-AFFA-168248A05B6A}.Release|x64.Build.0 = Release|Any CPU
		{7746ECFF-E650-4760-AFFA-168248A05B6A}.Release|x86.ActiveCfg = Release|Any CPU
		{7746ECFF-E650-4760-AFFA-168248A05B6A}.Release|x86.Build.0 = Release|Any CPU
		{6E950453-3E66-4B2C-B157-BC4F5C7FD84B}.Debug|Any CPU.ActiveCfg = Debug|Any CPU
		{6E950453-3E66-4B2C-B157-BC4F5C7FD84B}.Debug|Any CPU.Build.0 = Debug|Any CPU
		{6E950453-3E66-4B2C-B157-BC4F5C7FD84B}.Debug|x64.ActiveCfg = Debug|Any CPU
		{6E950453-3E66-4B2C-B157-BC4F5C7FD84B}.Debug|x64.Build.0 = Debug|Any CPU
		{6E950453-3E66-4B2C-B157-BC4F5C7FD84B}.Debug|x86.ActiveCfg = Debug|Any CPU
		{6E950453-3E66-4B2C-B157-BC4F5C7FD84B}.Debug|x86.Build.0 = Debug|Any CPU
		{6E950453-3E66-4B2C-B157-BC4F5C7FD84B}.Release|Any CPU.ActiveCfg = Release|Any CPU
		{6E950453-3E66-4B2C-B157-BC4F5C7FD84B}.Release|Any CPU.Build.0 = Release|Any CPU
		{6E950453-3E66-4B2C-B157-BC4F5C7FD84B}.Release|x64.ActiveCfg = Release|Any CPU
		{6E950453-3E66-4B2C-B157-BC4F5C7FD84B}.Release|x64.Build.0 = Release|Any CPU
		{6E950453-3E66-4B2C-B157-BC4F5C7FD84B}.Release|x86.ActiveCfg = Release|Any CPU
		{6E950453-3E66-4B2C-B157-BC4F5C7FD84B}.Release|x86.Build.0 = Release|Any CPU
		{851CC888-ECEC-4548-8F79-C829C30F90F1}.Debug|Any CPU.ActiveCfg = Debug|Any CPU
		{851CC888-ECEC-4548-8F79-C829C30F90F1}.Debug|Any CPU.Build.0 = Debug|Any CPU
		{851CC888-ECEC-4548-8F79-C829C30F90F1}.Debug|x64.ActiveCfg = Debug|Any CPU
		{851CC888-ECEC-4548-8F79-C829C30F90F1}.Debug|x64.Build.0 = Debug|Any CPU
		{851CC888-ECEC-4548-8F79-C829C30F90F1}.Debug|x86.ActiveCfg = Debug|Any CPU
		{851CC888-ECEC-4548-8F79-C829C30F90F1}.Debug|x86.Build.0 = Debug|Any CPU
		{851CC888-ECEC-4548-8F79-C829C30F90F1}.Release|Any CPU.ActiveCfg = Release|Any CPU
		{851CC888-ECEC-4548-8F79-C829C30F90F1}.Release|Any CPU.Build.0 = Release|Any CPU
		{851CC888-ECEC-4548-8F79-C829C30F90F1}.Release|x64.ActiveCfg = Release|Any CPU
		{851CC888-ECEC-4548-8F79-C829C30F90F1}.Release|x64.Build.0 = Release|Any CPU
		{851CC888-ECEC-4548-8F79-C829C30F90F1}.Release|x86.ActiveCfg = Release|Any CPU
		{851CC888-ECEC-4548-8F79-C829C30F90F1}.Release|x86.Build.0 = Release|Any CPU
		{EF0F6F61-7AB1-4DE4-846F-87DCF2638159}.Debug|Any CPU.ActiveCfg = Debug|Any CPU
		{EF0F6F61-7AB1-4DE4-846F-87DCF2638159}.Debug|Any CPU.Build.0 = Debug|Any CPU
		{EF0F6F61-7AB1-4DE4-846F-87DCF2638159}.Debug|x64.ActiveCfg = Debug|Any CPU
		{EF0F6F61-7AB1-4DE4-846F-87DCF2638159}.Debug|x64.Build.0 = Debug|Any CPU
		{EF0F6F61-7AB1-4DE4-846F-87DCF2638159}.Debug|x86.ActiveCfg = Debug|Any CPU
		{EF0F6F61-7AB1-4DE4-846F-87DCF2638159}.Debug|x86.Build.0 = Debug|Any CPU
		{EF0F6F61-7AB1-4DE4-846F-87DCF2638159}.Release|Any CPU.ActiveCfg = Release|Any CPU
		{EF0F6F61-7AB1-4DE4-846F-87DCF2638159}.Release|Any CPU.Build.0 = Release|Any CPU
		{EF0F6F61-7AB1-4DE4-846F-87DCF2638159}.Release|x64.ActiveCfg = Release|Any CPU
		{EF0F6F61-7AB1-4DE4-846F-87DCF2638159}.Release|x64.Build.0 = Release|Any CPU
		{EF0F6F61-7AB1-4DE4-846F-87DCF2638159}.Release|x86.ActiveCfg = Release|Any CPU
		{EF0F6F61-7AB1-4DE4-846F-87DCF2638159}.Release|x86.Build.0 = Release|Any CPU
		{4456451E-2341-4296-94FC-61F09F4EBDB5}.Debug|Any CPU.ActiveCfg = Debug|Any CPU
		{4456451E-2341-4296-94FC-61F09F4EBDB5}.Debug|Any CPU.Build.0 = Debug|Any CPU
		{4456451E-2341-4296-94FC-61F09F4EBDB5}.Debug|x64.ActiveCfg = Debug|Any CPU
		{4456451E-2341-4296-94FC-61F09F4EBDB5}.Debug|x64.Build.0 = Debug|Any CPU
		{4456451E-2341-4296-94FC-61F09F4EBDB5}.Debug|x86.ActiveCfg = Debug|Any CPU
		{4456451E-2341-4296-94FC-61F09F4EBDB5}.Debug|x86.Build.0 = Debug|Any CPU
		{4456451E-2341-4296-94FC-61F09F4EBDB5}.Release|Any CPU.ActiveCfg = Release|Any CPU
		{4456451E-2341-4296-94FC-61F09F4EBDB5}.Release|Any CPU.Build.0 = Release|Any CPU
		{4456451E-2341-4296-94FC-61F09F4EBDB5}.Release|x64.ActiveCfg = Release|Any CPU
		{4456451E-2341-4296-94FC-61F09F4EBDB5}.Release|x64.Build.0 = Release|Any CPU
		{4456451E-2341-4296-94FC-61F09F4EBDB5}.Release|x86.ActiveCfg = Release|Any CPU
		{4456451E-2341-4296-94FC-61F09F4EBDB5}.Release|x86.Build.0 = Release|Any CPU
	EndGlobalSection
	GlobalSection(SolutionProperties) = preSolution
		HideSolutionNode = FALSE
	EndGlobalSection
	GlobalSection(NestedProjects) = preSolution
		{F8CE4E4C-2E31-427E-98F9-E77049DFEFAA} = {827E0CD3-B72D-47B6-A68D-7590B98EB39B}
		{7746ECFF-E650-4760-AFFA-168248A05B6A} = {827E0CD3-B72D-47B6-A68D-7590B98EB39B}
		{6E950453-3E66-4B2C-B157-BC4F5C7FD84B} = {827E0CD3-B72D-47B6-A68D-7590B98EB39B}
		{851CC888-ECEC-4548-8F79-C829C30F90F1} = {827E0CD3-B72D-47B6-A68D-7590B98EB39B}
		{EF0F6F61-7AB1-4DE4-846F-87DCF2638159} = {0AB3BF05-4346-4AA6-1389-037BE0695223}
		{4456451E-2341-4296-94FC-61F09F4EBDB5} = {0AB3BF05-4346-4AA6-1389-037BE0695223}
	EndGlobalSection
EndGlobal
